{
    "_readme": [
        "This file locks the dependencies of your project to a known state",
        "Read more about it at https://getcomposer.org/doc/01-basic-usage.md#installing-dependencies",
        "This file is @generated automatically"
    ],
    "content-hash": "29bbfb791e0025b96ae66002664134f7",
    "packages": [
        {
            "name": "sergeyspryker/from",
            "version": "dev-main",
            "source": {
                "type": "git",
                "url": "https://github.com/sergeyspryker/from.git",
                "reference": "ef12d9eaed9b4caa167bf0af486f7fbfaf82ba3d"
            },
            "dist": {
                "type": "zip",
                "url": "https://api.github.com/repos/sergeyspryker/from/zipball/ef12d9eaed9b4caa167bf0af486f7fbfaf82ba3d",
                "reference": "ef12d9eaed9b4caa167bf0af486f7fbfaf82ba3d",
                "shasum": ""
            },
            "require": {
                "php": "^8.0"
            },
            "default-branch": true,
            "type": "library",
            "autoload": {
                "psr-4": {
                    "Randomizer\\": "src/"
                }
            },
            "license": [
                "MIT"
            ],
            "authors": [
                {
                    "name": "Pavlo Maksymov",
                    "email": "pavlo.maksymov@spryker.com"
                }
            ],
            "support": {
                "source": "https://github.com/sergeyspryker/from/tree/main",
                "issues": "https://github.com/sergeyspryker/from/issues"
            },
            "time": "2023-06-14T10:08:22+00:00"
        }
    ],
    "packages-dev": [],
    "aliases": [],
    "minimum-stability": "dev",
    "stability-flags": {
        "sergeyspryker/from": 20
    },
    "prefer-stable": false,
    "prefer-lowest": false,
    "platform": {
        "php": "^8.0"
    },
    "platform-dev": [],
    "plugin-api-version": "2.3.0"
}
