{
    "_readme": [
        "This file locks the dependencies of your project to a known state",
        "Read more about it at https://getcomposer.org/doc/01-basic-usage.md#installing-dependencies",
        "This file is @generated automatically"
    ],
    "content-hash": "143e8fe3fa54cfc4f1b5dbf1e5deb671",
    "packages": [
        {
            "name": "sergeyspryker/randomizer",
            "version": "dev-main",
            "source": {
                "type": "git",
                "url": "https://github.com/sergeyspryker/randomizer.git",
                "reference": "b378d4ce2da165238da30030a27f5e0ea224c29e"
            },
            "dist": {
                "type": "zip",
                "url": "https://api.github.com/repos/sergeyspryker/randomizer/zipball/b378d4ce2da165238da30030a27f5e0ea224c29e",
                "reference": "b378d4ce2da165238da30030a27f5e0ea224c29e",
                "shasum": ""
            },
            "require": {
                "php": "^8.0"
            },
            "default-branch": true,
            "type": "library",
            "autoload": {
                "psr-4": {
                    "Randomizer\\": "src/"
                }
            },
            "license": [
                "MIT"
            ],
            "authors": [
                {
                    "name": "Pavlo Maksymov",
                    "email": "pavlo.maksymov@spryker.com"
                }
            ],
            "support": {
                "source": "https://github.com/sergeyspryker/randomizer/tree/main"
            },
            "time": "2023-06-14T09:37:12+00:00"
        }
    ],
    "packages-dev": [],
    "aliases": [],
    "minimum-stability": "dev",
    "stability-flags": {
        "sergeyspryker/randomizer": 20
    },
    "prefer-stable": false,
    "prefer-lowest": false,
    "platform": {
        "php": "^8.0"
    },
    "platform-dev": [],
    "plugin-api-version": "2.3.0"
}
